
Microsoft Visual Studio Solution File, Format Version 12.00
# Visual Studio Version 16
VisualStudioVersion = 16.0.29728.190
MinimumVisualStudioVersion = 10.0.40219.1
Project("{FAE04EC0-301F-11D3-BF4B-00C04F79EFBC}") = "Calculator", "Calculator\Calculator.csproj", "{34DBD4EB-9F83-4E85-B422-223FD5947B90}"
EndProject
Project("{FAE04EC0-301F-11D3-BF4B-00C04F79EFBC}") = "ClassLibrary1", "ClassLibrary1\ClassLibrary1.csproj", "{705352A8-3C72-4009-A17D-CA81D6A217A7}"
EndProject
Global
	GlobalSection(SolutionConfigurationPlatforms) = preSolution
		Debug|Any CPU = Debug|Any CPU
		Release|Any CPU = Release|Any CPU
	EndGlobalSection
	GlobalSection(ProjectConfigurationPlatforms) = postSolution
		{34DBD4EB-9F83-4E85-B422-223FD5947B90}.Debug|Any CPU.ActiveCfg = Debug|Any CPU
		{34DBD4EB-9F83-4E85-B422-223FD5947B90}.Debug|Any CPU.Build.0 = Debug|Any CPU
		{34DBD4EB-9F83-4E85-B422-223FD5947B90}.Release|Any CPU.ActiveCfg = Release|Any CPU
		{34DBD4EB-9F83-4E85-B422-223FD5947B90}.Release|Any CPU.Build.0 = Release|Any CPU
		{705352A8-3C72-4009-A17D-CA81D6A217A7}.Debug|Any CPU.ActiveCfg = Debug|Any CPU
		{705352A8-3C72-4009-A17D-CA81D6A217A7}.Debug|Any CPU.Build.0 = Debug|Any CPU
		{705352A8-3C72-4009-A17D-CA81D6A217A7}.Release|Any CPU.ActiveCfg = Release|Any CPU
		{705352A8-3C72-4009-A17D-CA81D6A217A7}.Release|Any CPU.Build.0 = Release|Any CPU
	EndGlobalSection
	GlobalSection(SolutionProperties) = preSolution
		HideSolutionNode = FALSE
	EndGlobalSection
	GlobalSection(ExtensibilityGlobals) = postSolution
		SolutionGuid = {3B71A481-4B7E-4CB7-8ACB-CB9587323F94}
	EndGlobalSection
EndGlobal
